
Microsoft Visual Studio Solution File, Format Version 12.00
# Visual Studio Version 16
VisualStudioVersion = 16.0.30804.86
MinimumVisualStudioVersion = 10.0.40219.1
Project("{FAE04EC0-301F-11D3-BF4B-00C04F79EFBC}") = "SuperAdventure", "SuperAdventure.csproj", "{009A72B1-1C40-497B-A6CF-F58F8216DD99}"
EndProject
Project("{FAE04EC0-301F-11D3-BF4B-00C04F79EFBC}") = "Engine", "..\Engine\Engine.csproj", "{9306D280-49E8-4234-98A0-4190850CA0F8}"
EndProject
Global
	GlobalSection(SolutionConfigurationPlatforms) = preSolution
		Debug|Any CPU = Debug|Any CPU
		Release|Any CPU = Release|Any CPU
	EndGlobalSection
	GlobalSection(ProjectConfigurationPlatforms) = postSolution
		{009A72B1-1C40-497B-A6CF-F58F8216DD99}.Debug|Any CPU.ActiveCfg = Debug|Any CPU
		{009A72B1-1C40-497B-A6CF-F58F8216DD99}.Debug|Any CPU.Build.0 = Debug|Any CPU
		{009A72B1-1C40-497B-A6CF-F58F8216DD99}.Release|Any CPU.ActiveCfg = Release|Any CPU
		{009A72B1-1C40-497B-A6CF-F58F8216DD99}.Release|Any CPU.Build.0 = Release|Any CPU
		{9306D280-49E8-4234-98A0-4190850CA0F8}.Debug|Any CPU.ActiveCfg = Debug|Any CPU
		{9306D280-49E8-4234-98A0-4190850CA0F8}.Debug|Any CPU.Build.0 = Debug|Any CPU
		{9306D280-49E8-4234-98A0-4190850CA0F8}.Release|Any CPU.ActiveCfg = Release|Any CPU
		{9306D280-49E8-4234-98A0-4190850CA0F8}.Release|Any CPU.Build.0 = Release|Any CPU
	EndGlobalSection
	GlobalSection(SolutionProperties) = preSolution
		HideSolutionNode = FALSE
	EndGlobalSection
	GlobalSection(ExtensibilityGlobals) = postSolution
		SolutionGuid = {9488D9E8-B1A8-4D0F-A0CF-C661687EBBA4}
	EndGlobalSection
EndGlobal
